
Microsoft Visual Studio Solution File, Format Version 12.00
# Visual Studio 15
VisualStudioVersion = 15.0.28307.757
MinimumVisualStudioVersion = 10.0.40219.1
Project("{FAE04EC0-301F-11D3-BF4B-00C04F79EFBC}") = "ShoppingReminder.Android", "ShoppingReminder\ShoppingReminder.Android\ShoppingReminder.Android.csproj", "{0348DC28-13C6-4BC6-ADFD-AD9B6223CB24}"
EndProject
Project("{FAE04EC0-301F-11D3-BF4B-00C04F79EFBC}") = "ShoppingReminder.iOS", "ShoppingReminder\ShoppingReminder.iOS\ShoppingReminder.iOS.csproj", "{6E327C1F-88C8-497D-BEBA-06C6FF7FCFD8}"
EndProject
Project("{9A19103F-16F7-4668-BE54-9A1E7A4F7556}") = "ShoppingReminder", "ShoppingReminder\ShoppingReminder\ShoppingReminder.csproj", "{A4BD39CD-83E6-427E-9D9E-504C479526B7}"
EndProject
Global
	GlobalSection(SolutionConfigurationPlatforms) = preSolution
		Ad-Hoc|Any CPU = Ad-Hoc|Any CPU
		Ad-Hoc|iPhone = Ad-Hoc|iPhone
		Ad-Hoc|iPhoneSimulator = Ad-Hoc|iPhoneSimulator
		AppStore|Any CPU = AppStore|Any CPU
		AppStore|iPhone = AppStore|iPhone
		AppStore|iPhoneSimulator = AppStore|iPhoneSimulator
		Debug|Any CPU = Debug|Any CPU
		Debug|iPhone = Debug|iPhone
		Debug|iPhoneSimulator = Debug|iPhoneSimulator
		Release|Any CPU = Release|Any CPU
		Release|iPhone = Release|iPhone
		Release|iPhoneSimulator = Release|iPhoneSimulator
	EndGlobalSection
	GlobalSection(ProjectConfigurationPlatforms) = postSolution
		{0348DC28-13C6-4BC6-ADFD-AD9B6223CB24}.Ad-Hoc|Any CPU.ActiveCfg = Release|Any CPU
		{0348DC28-13C6-4BC6-ADFD-AD9B6223CB24}.Ad-Hoc|Any CPU.Build.0 = Release|Any CPU
		{0348DC28-13C6-4BC6-ADFD-AD9B6223CB24}.Ad-Hoc|Any CPU.Deploy.0 = Release|Any CPU
		{0348DC28-13C6-4BC6-ADFD-AD9B6223CB24}.Ad-Hoc|iPhone.ActiveCfg = Release|Any CPU
		{0348DC28-13C6-4BC6-ADFD-AD9B6223CB24}.Ad-Hoc|iPhone.Build.0 = Release|Any CPU
		{0348DC28-13C6-4BC6-ADFD-AD9B6223CB24}.Ad-Hoc|iPhone.Deploy.0 = Release|Any CPU
		{0348DC28-13C6-4BC6-ADFD-AD9B6223CB24}.Ad-Hoc|iPhoneSimulator.ActiveCfg = Release|Any CPU
		{0348DC28-13C6-4BC6-ADFD-AD9B6223CB24}.Ad-Hoc|iPhoneSimulator.Build.0 = Release|Any CPU
		{0348DC28-13C6-4BC6-ADFD-AD9B6223CB24}.Ad-Hoc|iPhoneSimulator.Deploy.0 = Release|Any CPU
		{0348DC28-13C6-4BC6-ADFD-AD9B6223CB24}.AppStore|Any CPU.ActiveCfg = Release|Any CPU
		{0348DC28-13C6-4BC6-ADFD-AD9B6223CB24}.AppStore|Any CPU.Build.0 = Release|Any CPU
		{0348DC28-13C6-4BC6-ADFD-AD9B6223CB24}.AppStore|Any CPU.Deploy.0 = Release|Any CPU
		{0348DC28-13C6-4BC6-ADFD-AD9B6223CB24}.AppStore|iPhone.ActiveCfg = Release|Any CPU
		{0348DC28-13C6-4BC6-ADFD-AD9B6223CB24}.AppStore|iPhone.Build.0 = Release|Any CPU
		{0348DC28-13C6-4BC6-ADFD-AD9B6223CB24}.AppStore|iPhone.Deploy.0 = Release|Any CPU
		{0348DC28-13C6-4BC6-ADFD-AD9B6223CB24}.AppStore|iPhoneSimulator.ActiveCfg = Release|Any CPU
		{0348DC28-13C6-4BC6-ADFD-AD9B6223CB24}.AppStore|iPhoneSimulator.Build.0 = Release|Any CPU
		{0348DC28-13C6-4BC6-ADFD-AD9B6223CB24}.AppStore|iPhoneSimulator.Deploy.0 = Release|Any CPU
		{0348DC28-13C6-4BC6-ADFD-AD9B6223CB24}.Debug|Any CPU.ActiveCfg = Debug|Any CPU
		{0348DC28-13C6-4BC6-ADFD-AD9B6223CB24}.Debug|Any CPU.Build.0 = Debug|Any CPU
		{0348DC28-13C6-4BC6-ADFD-AD9B6223CB24}.Debug|Any CPU.Deploy.0 = Debug|Any CPU
		{0348DC28-13C6-4BC6-ADFD-AD9B6223CB24}.Debug|iPhone.ActiveCfg = Debug|Any CPU
		{0348DC28-13C6-4BC6-ADFD-AD9B6223CB24}.Debug|iPhone.Build.0 = Debug|Any CPU
		{0348DC28-13C6-4BC6-ADFD-AD9B6223CB24}.Debug|iPhone.Deploy.0 = Debug|Any CPU
		{0348DC28-13C6-4BC6-ADFD-AD9B6223CB24}.Debug|iPhoneSimulator.ActiveCfg = Debug|Any CPU
		{0348DC28-13C6-4BC6-ADFD-AD9B6223CB24}.Debug|iPhoneSimulator.Build.0 = Debug|Any CPU
		{0348DC28-13C6-4BC6-ADFD-AD9B6223CB24}.Debug|iPhoneSimulator.Deploy.0 = Debug|Any CPU
		{0348DC28-13C6-4BC6-ADFD-AD9B6223CB24}.Release|Any CPU.ActiveCfg = Release|Any CPU
		{0348DC28-13C6-4BC6-ADFD-AD9B6223CB24}.Release|Any CPU.Build.0 = Release|Any CPU
		{0348DC28-13C6-4BC6-ADFD-AD9B6223CB24}.Release|Any CPU.Deploy.0 = Release|Any CPU
		{0348DC28-13C6-4BC6-ADFD-AD9B6223CB24}.Release|iPhone.ActiveCfg = Release|Any CPU
		{0348DC28-13C6-4BC6-ADFD-AD9B6223CB24}.Release|iPhone.Build.0 = Release|Any CPU
		{0348DC28-13C6-4BC6-ADFD-AD9B6223CB24}.Release|iPhone.Deploy.0 = Release|Any CPU
		{0348DC28-13C6-4BC6-ADFD-AD9B6223CB24}.Release|iPhoneSimulator.ActiveCfg = Release|Any CPU
		{0348DC28-13C6-4BC6-ADFD-AD9B6223CB24}.Release|iPhoneSimulator.Build.0 = Release|Any CPU
		{0348DC28-13C6-4BC6-ADFD-AD9B6223CB24}.Release|iPhoneSimulator.Deploy.0 = Release|Any CPU
		{6E327C1F-88C8-497D-BEBA-06C6FF7FCFD8}.Ad-Hoc|Any CPU.ActiveCfg = Ad-Hoc|iPhone
		{6E327C1F-88C8-497D-BEBA-06C6FF7FCFD8}.Ad-Hoc|iPhone.ActiveCfg = Ad-Hoc|iPhone
		{6E327C1F-88C8-497D-BEBA-06C6FF7FCFD8}.Ad-Hoc|iPhone.Build.0 = Ad-Hoc|iPhone
		{6E327C1F-88C8-497D-BEBA-06C6FF7FCFD8}.Ad-Hoc|iPhoneSimulator.ActiveCfg = Ad-Hoc|iPhoneSimulator
		{6E327C1F-88C8-497D-BEBA-06C6FF7FCFD8}.Ad-Hoc|iPhoneSimulator.Build.0 = Ad-Hoc|iPhoneSimulator
		{6E327C1F-88C8-497D-BEBA-06C6FF7FCFD8}.AppStore|Any CPU.ActiveCfg = AppStore|iPhone
		{6E327C1F-88C8-497D-BEBA-06C6FF7FCFD8}.AppStore|iPhone.ActiveCfg = AppStore|iPhone
		{6E327C1F-88C8-497D-BEBA-06C6FF7FCFD8}.AppStore|iPhone.Build.0 = AppStore|iPhone
		{6E327C1F-88C8-497D-BEBA-06C6FF7FCFD8}.AppStore|iPhoneSimulator.ActiveCfg = AppStore|iPhoneSimulator
		{6E327C1F-88C8-497D-BEBA-06C6FF7FCFD8}.AppStore|iPhoneSimulator.Build.0 = AppStore|iPhoneSimulator
		{6E327C1F-88C8-497D-BEBA-06C6FF7FCFD8}.Debug|Any CPU.ActiveCfg = Debug|iPhone
		{6E327C1F-88C8-497D-BEBA-06C6FF7FCFD8}.Debug|iPhone.ActiveCfg = Debug|iPhone
		{6E327C1F-88C8-497D-BEBA-06C6FF7FCFD8}.Debug|iPhone.Build.0 = Debug|iPhone
		{6E327C1F-88C8-497D-BEBA-06C6FF7FCFD8}.Debug|iPhoneSimulator.ActiveCfg = Debug|iPhoneSimulator
		{6E327C1F-88C8-497D-BEBA-06C6FF7FCFD8}.Debug|iPhoneSimulator.Build.0 = Debug|iPhoneSimulator
		{6E327C1F-88C8-497D-BEBA-06C6FF7FCFD8}.Release|Any CPU.ActiveCfg = Release|iPhone
		{6E327C1F-88C8-497D-BEBA-06C6FF7FCFD8}.Release|iPhone.ActiveCfg = Release|iPhone
		{6E327C1F-88C8-497D-BEBA-06C6FF7FCFD8}.Release|iPhone.Build.0 = Release|iPhone
		{6E327C1F-88C8-497D-BEBA-06C6FF7FCFD8}.Release|iPhoneSimulator.ActiveCfg = Release|iPhoneSimulator
		{6E327C1F-88C8-497D-BEBA-06C6FF7FCFD8}.Release|iPhoneSimulator.Build.0 = Release|iPhoneSimulator
		{A4BD39CD-83E6-427E-9D9E-504C479526B7}.Ad-Hoc|Any CPU.ActiveCfg = Debug|Any CPU
		{A4BD39CD-83E6-427E-9D9E-504C479526B7}.Ad-Hoc|Any CPU.Build.0 = Debug|Any CPU
		{A4BD39CD-83E6-427E-9D9E-504C479526B7}.Ad-Hoc|iPhone.ActiveCfg = Debug|Any CPU
		{A4BD39CD-83E6-427E-9D9E-504C479526B7}.Ad-Hoc|iPhone.Build.0 = Debug|Any CPU
		{A4BD39CD-83E6-427E-9D9E-504C479526B7}.Ad-Hoc|iPhoneSimulator.ActiveCfg = Debug|Any CPU
		{A4BD39CD-83E6-427E-9D9E-504C479526B7}.Ad-Hoc|iPhoneSimulator.Build.0 = Debug|Any CPU
		{A4BD39CD-83E6-427E-9D9E-504C479526B7}.AppStore|Any CPU.ActiveCfg = Debug|Any CPU
		{A4BD39CD-83E6-427E-9D9E-504C479526B7}.AppStore|Any CPU.Build.0 = Debug|Any CPU
		{A4BD39CD-83E6-427E-9D9E-504C479526B7}.AppStore|iPhone.ActiveCfg = Debug|Any CPU
		{A4BD39CD-83E6-427E-9D9E-504C479526B7}.AppStore|iPhone.Build.0 = Debug|Any CPU
		{A4BD39CD-83E6-427E-9D9E-504C479526B7}.AppStore|iPhoneSimulator.ActiveCfg = Debug|Any CPU
		{A4BD39CD-83E6-427E-9D9E-504C479526B7}.AppStore|iPhoneSimulator.Build.0 = Debug|Any CPU
		{A4BD39CD-83E6-427E-9D9E-504C479526B7}.Debug|Any CPU.ActiveCfg = Debug|Any CPU
		{A4BD39CD-83E6-427E-9D9E-504C479526B7}.Debug|Any CPU.Build.0 = Debug|Any CPU
		{A4BD39CD-83E6-427E-9D9E-504C479526B7}.Debug|iPhone.ActiveCfg = Debug|Any CPU
		{A4BD39CD-83E6-427E-9D9E-504C479526B7}.Debug|iPhone.Build.0 = Debug|Any CPU
		{A4BD39CD-83E6-427E-9D9E-504C479526B7}.Debug|iPhoneSimulator.ActiveCfg = Debug|Any CPU
		{A4BD39CD-83E6-427E-9D9E-504C479526B7}.Debug|iPhoneSimulator.Build.0 = Debug|Any CPU
		{A4BD39CD-83E6-427E-9D9E-504C479526B7}.Release|Any CPU.ActiveCfg = Release|Any CPU
		{A4BD39CD-83E6-427E-9D9E-504C479526B7}.Release|Any CPU.Build.0 = Release|Any CPU
		{A4BD39CD-83E6-427E-9D9E-504C479526B7}.Release|iPhone.ActiveCfg = Release|Any CPU
		{A4BD39CD-83E6-427E-9D9E-504C479526B7}.Release|iPhone.Build.0 = Release|Any CPU
		{A4BD39CD-83E6-427E-9D9E-504C479526B7}.Release|iPhoneSimulator.ActiveCfg = Release|Any CPU
		{A4BD39CD-83E6-427E-9D9E-504C479526B7}.Release|iPhoneSimulator.Build.0 = Release|Any CPU
	EndGlobalSection
	GlobalSection(SolutionProperties) = preSolution
		HideSolutionNode = FALSE
	EndGlobalSection
	GlobalSection(ExtensibilityGlobals) = postSolution
		SolutionGuid = {C69DD5A9-D7C2-4EFB-89F8-39D62CE1B70B}
	EndGlobalSection
EndGlobal
